
Microsoft Visual Studio Solution File, Format Version 12.00
# Visual Studio Version 16
VisualStudioVersion = 16.0.33027.164
MinimumVisualStudioVersion = 10.0.40219.1
Project("{FAE04EC0-301F-11D3-BF4B-00C04F79EFBC}") = "T7_221116955Speedrun", "T7_221116955Speedrun\T7_221116955Speedrun.csproj", "{CC3B8B36-96C6-44CA-AA54-44C7EE1D428A}"
EndProject
Global
	GlobalSection(SolutionConfigurationPlatforms) = preSolution
		Debug|Any CPU = Debug|Any CPU
		Release|Any CPU = Release|Any CPU
	EndGlobalSection
	GlobalSection(ProjectConfigurationPlatforms) = postSolution
		{CC3B8B36-96C6-44CA-AA54-44C7EE1D428A}.Debug|Any CPU.ActiveCfg = Debug|Any CPU
		{CC3B8B36-96C6-44CA-AA54-44C7EE1D428A}.Debug|Any CPU.Build.0 = Debug|Any CPU
		{CC3B8B36-96C6-44CA-AA54-44C7EE1D428A}.Release|Any CPU.ActiveCfg = Release|Any CPU
		{CC3B8B36-96C6-44CA-AA54-44C7EE1D428A}.Release|Any CPU.Build.0 = Release|Any CPU
	EndGlobalSection
	GlobalSection(SolutionProperties) = preSolution
		HideSolutionNode = FALSE
	EndGlobalSection
	GlobalSection(ExtensibilityGlobals) = postSolution
		SolutionGuid = {AC1C1C7B-DD1C-44B3-8C41-F252E4E45227}
	EndGlobalSection
EndGlobal
